
Microsoft Visual Studio Solution File, Format Version 12.00
# Visual Studio Version 17
VisualStudioVersion = 17.0.32112.339
MinimumVisualStudioVersion = 10.0.40219.1
Project("{FAE04EC0-301F-11D3-BF4B-00C04F79EFBC}") = "Interfaces - Exercise 1", "Interfaces - Exercise 1\Interfaces - Exercise 1.csproj", "{AF462BA7-9EC5-4EC7-A86B-B29D886CD5E9}"
EndProject
Global
	GlobalSection(SolutionConfigurationPlatforms) = preSolution
		Debug|Any CPU = Debug|Any CPU
		Release|Any CPU = Release|Any CPU
	EndGlobalSection
	GlobalSection(ProjectConfigurationPlatforms) = postSolution
		{AF462BA7-9EC5-4EC7-A86B-B29D886CD5E9}.Debug|Any CPU.ActiveCfg = Debug|Any CPU
		{AF462BA7-9EC5-4EC7-A86B-B29D886CD5E9}.Debug|Any CPU.Build.0 = Debug|Any CPU
		{AF462BA7-9EC5-4EC7-A86B-B29D886CD5E9}.Release|Any CPU.ActiveCfg = Release|Any CPU
		{AF462BA7-9EC5-4EC7-A86B-B29D886CD5E9}.Release|Any CPU.Build.0 = Release|Any CPU
	EndGlobalSection
	GlobalSection(SolutionProperties) = preSolution
		HideSolutionNode = FALSE
	EndGlobalSection
	GlobalSection(ExtensibilityGlobals) = postSolution
		SolutionGuid = {9A2AC777-80AE-44A7-891A-824F956F8EC1}
	EndGlobalSection
EndGlobal
